// !$*UTF8*$!
{
	archiveVersion = 1;
	classes = {
	};
	objectVersion = 51;
	objects = {

/* Begin PBXBuildFile section */
		B235FB912637556F0019211F /* LoginValdiation.swift in Sources */ = {isa = PBXBuildFile; fileRef = B235FB902637556F0019211F /* LoginValdiation.swift */; };
		B271AACC2633253100E1A4EF /* AppDelegate.swift in Sources */ = {isa = PBXBuildFile; fileRef = B271AACB2633253100E1A4EF /* AppDelegate.swift */; };
		B271AACE2633253100E1A4EF /* SceneDelegate.swift in Sources */ = {isa = PBXBuildFile; fileRef = B271AACD2633253100E1A4EF /* SceneDelegate.swift */; };
		B271AAD02633253100E1A4EF /* LoginViewController.swift in Sources */ = {isa = PBXBuildFile; fileRef = B271AACF2633253100E1A4EF /* LoginViewController.swift */; };
		B271AAD52633253300E1A4EF /* Assets.xcassets in Resources */ = {isa = PBXBuildFile; fileRef = B271AAD42633253300E1A4EF /* Assets.xcassets */; };
		B271AAD82633253300E1A4EF /* LaunchScreen.storyboard in Resources */ = {isa = PBXBuildFile; fileRef = B271AAD62633253300E1A4EF /* LaunchScreen.storyboard */; };
		B271AAE32633253300E1A4EF /* OnboardingTests.swift in Sources */ = {isa = PBXBuildFile; fileRef = B271AAE22633253300E1A4EF /* OnboardingTests.swift */; };
		B271AAEE2633253400E1A4EF /* OnboardingUITests.swift in Sources */ = {isa = PBXBuildFile; fileRef = B271AAED2633253400E1A4EF /* OnboardingUITests.swift */; };
		B271AB0A2635262500E1A4EF /* LoginContentView.swift in Sources */ = {isa = PBXBuildFile; fileRef = B271AB092635262500E1A4EF /* LoginContentView.swift */; };
		EC648425F387BB2409ABBC39 /* Pods_Onboarding.framework in Frameworks */ = {isa = PBXBuildFile; fileRef = E60584F0DA22FF81D445CD61 /* Pods_Onboarding.framework */; };
/* End PBXBuildFile section */

/* Begin PBXContainerItemProxy section */
		B271AADF2633253300E1A4EF /* PBXContainerItemProxy */ = {
			isa = PBXContainerItemProxy;
			containerPortal = B271AAC02633253100E1A4EF /* Project object */;
			proxyType = 1;
			remoteGlobalIDString = B271AAC72633253100E1A4EF;
			remoteInfo = Onboarding;
		};
		B271AAEA2633253400E1A4EF /* PBXContainerItemProxy */ = {
			isa = PBXContainerItemProxy;
			containerPortal = B271AAC02633253100E1A4EF /* Project object */;
			proxyType = 1;
			remoteGlobalIDString = B271AAC72633253100E1A4EF;
			remoteInfo = Onboarding;
		};
/* End PBXContainerItemProxy section */

/* Begin PBXFileReference section */
		7D52E8D1205FCC538D293AB7 /* Pods-Onboarding.release.xcconfig */ = {isa = PBXFileReference; includeInIndex = 1; lastKnownFileType = text.xcconfig; name = "Pods-Onboarding.release.xcconfig"; path = "Target Support Files/Pods-Onboarding/Pods-Onboarding.release.xcconfig"; sourceTree = "<group>"; };
		B235FB902637556F0019211F /* LoginValdiation.swift */ = {isa = PBXFileReference; lastKnownFileType = sourcecode.swift; path = LoginValdiation.swift; sourceTree = "<group>"; };
		B271AAC82633253100E1A4EF /* Onboarding.app */ = {isa = PBXFileReference; explicitFileType = wrapper.application; includeInIndex = 0; path = Onboarding.app; sourceTree = BUILT_PRODUCTS_DIR; };
		B271AACB2633253100E1A4EF /* AppDelegate.swift */ = {isa = PBXFileReference; lastKnownFileType = sourcecode.swift; path = AppDelegate.swift; sourceTree = "<group>"; };
		B271AACD2633253100E1A4EF /* SceneDelegate.swift */ = {isa = PBXFileReference; lastKnownFileType = sourcecode.swift; path = SceneDelegate.swift; sourceTree = "<group>"; };
		B271AACF2633253100E1A4EF /* LoginViewController.swift */ = {isa = PBXFileReference; lastKnownFileType = sourcecode.swift; path = LoginViewController.swift; sourceTree = "<group>"; };
		B271AAD42633253300E1A4EF /* Assets.xcassets */ = {isa = PBXFileReference; lastKnownFileType = folder.assetcatalog; path = Assets.xcassets; sourceTree = "<group>"; };
		B271AAD72633253300E1A4EF /* Base */ = {isa = PBXFileReference; lastKnownFileType = file.storyboard; name = Base; path = Base.lproj/LaunchScreen.storyboard; sourceTree = "<group>"; };
		B271AAD92633253300E1A4EF /* Info.plist */ = {isa = PBXFileReference; lastKnownFileType = text.plist.xml; path = Info.plist; sourceTree = "<group>"; };
		B271AADE2633253300E1A4EF /* OnboardingTests.xctest */ = {isa = PBXFileReference; explicitFileType = wrapper.cfbundle; includeInIndex = 0; path = OnboardingTests.xctest; sourceTree = BUILT_PRODUCTS_DIR; };
		B271AAE22633253300E1A4EF /* OnboardingTests.swift */ = {isa = PBXFileReference; lastKnownFileType = sourcecode.swift; path = OnboardingTests.swift; sourceTree = "<group>"; };
		B271AAE42633253300E1A4EF /* Info.plist */ = {isa = PBXFileReference; lastKnownFileType = text.plist.xml; path = Info.plist; sourceTree = "<group>"; };
		B271AAE92633253400E1A4EF /* OnboardingUITests.xctest */ = {isa = PBXFileReference; explicitFileType = wrapper.cfbundle; includeInIndex = 0; path = OnboardingUITests.xctest; sourceTree = BUILT_PRODUCTS_DIR; };
		B271AAED2633253400E1A4EF /* OnboardingUITests.swift */ = {isa = PBXFileReference; lastKnownFileType = sourcecode.swift; path = OnboardingUITests.swift; sourceTree = "<group>"; };
		B271AAEF2633253400E1A4EF /* Info.plist */ = {isa = PBXFileReference; lastKnownFileType = text.plist.xml; path = Info.plist; sourceTree = "<group>"; };
		B271AB092635262500E1A4EF /* LoginContentView.swift */ = {isa = PBXFileReference; lastKnownFileType = sourcecode.swift; path = LoginContentView.swift; sourceTree = "<group>"; };
		E60584F0DA22FF81D445CD61 /* Pods_Onboarding.framework */ = {isa = PBXFileReference; explicitFileType = wrapper.framework; includeInIndex = 0; path = Pods_Onboarding.framework; sourceTree = BUILT_PRODUCTS_DIR; };
		F198DD4C7576A892851FE4B0 /* Pods-Onboarding.debug.xcconfig */ = {isa = PBXFileReference; includeInIndex = 1; lastKnownFileType = text.xcconfig; name = "Pods-Onboarding.debug.xcconfig"; path = "Target Support Files/Pods-Onboarding/Pods-Onboarding.debug.xcconfig"; sourceTree = "<group>"; };
/* End PBXFileReference section */

/* Begin PBXFrameworksBuildPhase section */
		B271AAC52633253100E1A4EF /* Frameworks */ = {
			isa = PBXFrameworksBuildPhase;
			buildActionMask = 2147483647;
			files = (
				EC648425F387BB2409ABBC39 /* Pods_Onboarding.framework in Frameworks */,
			);
			runOnlyForDeploymentPostprocessing = 0;
		};
		B271AADB2633253300E1A4EF /* Frameworks */ = {
			isa = PBXFrameworksBuildPhase;
			buildActionMask = 2147483647;
			files = (
			);
			runOnlyForDeploymentPostprocessing = 0;
		};
		B271AAE62633253400E1A4EF /* Frameworks */ = {
			isa = PBXFrameworksBuildPhase;
			buildActionMask = 2147483647;
			files = (
			);
			runOnlyForDeploymentPostprocessing = 0;
		};
/* End PBXFrameworksBuildPhase section */

/* Begin PBXGroup section */
		1FAD1B76CCFCA532CEE788B9 /* Pods */ = {
			isa = PBXGroup;
			children = (
				F198DD4C7576A892851FE4B0 /* Pods-Onboarding.debug.xcconfig */,
				7D52E8D1205FCC538D293AB7 /* Pods-Onboarding.release.xcconfig */,
			);
			path = Pods;
			sourceTree = "<group>";
		};
		9B025B77A5D4C16274B0EFD4 /* Frameworks */ = {
			isa = PBXGroup;
			children = (
				E60584F0DA22FF81D445CD61 /* Pods_Onboarding.framework */,
			);
			name = Frameworks;
			sourceTree = "<group>";
		};
		B235FB8F263755080019211F /* Models */ = {
			isa = PBXGroup;
			children = (
				B235FB902637556F0019211F /* LoginValdiation.swift */,
			);
			path = Models;
			sourceTree = "<group>";
		};
		B271AABF2633253100E1A4EF = {
			isa = PBXGroup;
			children = (
				B271AACA2633253100E1A4EF /* Onboarding */,
				B271AAE12633253300E1A4EF /* OnboardingTests */,
				B271AAEC2633253400E1A4EF /* OnboardingUITests */,
				B271AAC92633253100E1A4EF /* Products */,
				1FAD1B76CCFCA532CEE788B9 /* Pods */,
				9B025B77A5D4C16274B0EFD4 /* Frameworks */,
			);
			sourceTree = "<group>";
		};
		B271AAC92633253100E1A4EF /* Products */ = {
			isa = PBXGroup;
			children = (
				B271AAC82633253100E1A4EF /* Onboarding.app */,
				B271AADE2633253300E1A4EF /* OnboardingTests.xctest */,
				B271AAE92633253400E1A4EF /* OnboardingUITests.xctest */,
			);
			name = Products;
			sourceTree = "<group>";
		};
		B271AACA2633253100E1A4EF /* Onboarding */ = {
			isa = PBXGroup;
			children = (
				B235FB8F263755080019211F /* Models */,
				B271AB112637330600E1A4EF /* Controllers */,
				B271AB082635260000E1A4EF /* Views */,
				B271AACB2633253100E1A4EF /* AppDelegate.swift */,
				B271AACD2633253100E1A4EF /* SceneDelegate.swift */,
				B271AAD42633253300E1A4EF /* Assets.xcassets */,
				B271AAD62633253300E1A4EF /* LaunchScreen.storyboard */,
				B271AAD92633253300E1A4EF /* Info.plist */,
			);
			path = Onboarding;
			sourceTree = "<group>";
		};
		B271AAE12633253300E1A4EF /* OnboardingTests */ = {
			isa = PBXGroup;
			children = (
				B271AAE22633253300E1A4EF /* OnboardingTests.swift */,
				B271AAE42633253300E1A4EF /* Info.plist */,
			);
			path = OnboardingTests;
			sourceTree = "<group>";
		};
		B271AAEC2633253400E1A4EF /* OnboardingUITests */ = {
			isa = PBXGroup;
			children = (
				B271AAED2633253400E1A4EF /* OnboardingUITests.swift */,
				B271AAEF2633253400E1A4EF /* Info.plist */,
			);
			path = OnboardingUITests;
			sourceTree = "<group>";
		};
		B271AB082635260000E1A4EF /* Views */ = {
			isa = PBXGroup;
			children = (
				B271AB092635262500E1A4EF /* LoginContentView.swift */,
			);
			path = Views;
			sourceTree = "<group>";
		};
		B271AB112637330600E1A4EF /* Controllers */ = {
			isa = PBXGroup;
			children = (
				B271AACF2633253100E1A4EF /* LoginViewController.swift */,
			);
			path = Controllers;
			sourceTree = "<group>";
		};
/* End PBXGroup section */

/* Begin PBXNativeTarget section */
		B271AAC72633253100E1A4EF /* Onboarding */ = {
			isa = PBXNativeTarget;
			buildConfigurationList = B271AAF22633253400E1A4EF /* Build configuration list for PBXNativeTarget "Onboarding" */;
			buildPhases = (
				7111B55A73FC7CEFC0103D5B /* [CP] Check Pods Manifest.lock */,
				B271AAC42633253100E1A4EF /* Sources */,
				B271AAC52633253100E1A4EF /* Frameworks */,
				B271AAC62633253100E1A4EF /* Resources */,
				C468D2CDAF485E16A2CAE12F /* [CP] Embed Pods Frameworks */,
			);
			buildRules = (
			);
			dependencies = (
			);
			name = Onboarding;
			productName = Onboarding;
			productReference = B271AAC82633253100E1A4EF /* Onboarding.app */;
			productType = "com.apple.product-type.application";
		};
		B271AADD2633253300E1A4EF /* OnboardingTests */ = {
			isa = PBXNativeTarget;
			buildConfigurationList = B271AAF52633253400E1A4EF /* Build configuration list for PBXNativeTarget "OnboardingTests" */;
			buildPhases = (
				B271AADA2633253300E1A4EF /* Sources */,
				B271AADB2633253300E1A4EF /* Frameworks */,
				B271AADC2633253300E1A4EF /* Resources */,
			);
			buildRules = (
			);
			dependencies = (
				B271AAE02633253300E1A4EF /* PBXTargetDependency */,
			);
			name = OnboardingTests;
			productName = OnboardingTests;
			productReference = B271AADE2633253300E1A4EF /* OnboardingTests.xctest */;
			productType = "com.apple.product-type.bundle.unit-test";
		};
		B271AAE82633253400E1A4EF /* OnboardingUITests */ = {
			isa = PBXNativeTarget;
			buildConfigurationList = B271AAF82633253400E1A4EF /* Build configuration list for PBXNativeTarget "OnboardingUITests" */;
			buildPhases = (
				B271AAE52633253400E1A4EF /* Sources */,
				B271AAE62633253400E1A4EF /* Frameworks */,
				B271AAE72633253400E1A4EF /* Resources */,
			);
			buildRules = (
			);
			dependencies = (
				B271AAEB2633253400E1A4EF /* PBXTargetDependency */,
			);
			name = OnboardingUITests;
			productName = OnboardingUITests;
			productReference = B271AAE92633253400E1A4EF /* OnboardingUITests.xctest */;
			productType = "com.apple.product-type.bundle.ui-testing";
		};
/* End PBXNativeTarget section */

/* Begin PBXProject section */
		B271AAC02633253100E1A4EF /* Project object */ = {
			isa = PBXProject;
			attributes = {
				LastSwiftUpdateCheck = 1240;
				LastUpgradeCheck = 1240;
				TargetAttributes = {
					B271AAC72633253100E1A4EF = {
						CreatedOnToolsVersion = 12.4;
					};
					B271AADD2633253300E1A4EF = {
						CreatedOnToolsVersion = 12.4;
						TestTargetID = B271AAC72633253100E1A4EF;
					};
					B271AAE82633253400E1A4EF = {
						CreatedOnToolsVersion = 12.4;
						TestTargetID = B271AAC72633253100E1A4EF;
					};
				};
			};
			buildConfigurationList = B271AAC32633253100E1A4EF /* Build configuration list for PBXProject "Onboarding" */;
			compatibilityVersion = "Xcode 9.3";
			developmentRegion = en;
			hasScannedForEncodings = 0;
			knownRegions = (
				en,
				Base,
			);
			mainGroup = B271AABF2633253100E1A4EF;
			productRefGroup = B271AAC92633253100E1A4EF /* Products */;
			projectDirPath = "";
			projectRoot = "";
			targets = (
				B271AAC72633253100E1A4EF /* Onboarding */,
				B271AADD2633253300E1A4EF /* OnboardingTests */,
				B271AAE82633253400E1A4EF /* OnboardingUITests */,
			);
		};
/* End PBXProject section */

/* Begin PBXResourcesBuildPhase section */
		B271AAC62633253100E1A4EF /* Resources */ = {
			isa = PBXResourcesBuildPhase;
			buildActionMask = 2147483647;
			files = (
				B271AAD82633253300E1A4EF /* LaunchScreen.storyboard in Resources */,
				B271AAD52633253300E1A4EF /* Assets.xcassets in Resources */,
			);
			runOnlyForDeploymentPostprocessing = 0;
		};
		B271AADC2633253300E1A4EF /* Resources */ = {
			isa = PBXResourcesBuildPhase;
			buildActionMask = 2147483647;
			files = (
			);
			runOnlyForDeploymentPostprocessing = 0;
		};
		B271AAE72633253400E1A4EF /* Resources */ = {
			isa = PBXResourcesBuildPhase;
			buildActionMask = 2147483647;
			files = (
			);
			runOnlyForDeploymentPostprocessing = 0;
		};
/* End PBXResourcesBuildPhase section */

/* Begin PBXShellScriptBuildPhase section */
		7111B55A73FC7CEFC0103D5B /* [CP] Check Pods Manifest.lock */ = {
			isa = PBXShellScriptBuildPhase;
			buildActionMask = 2147483647;
			files = (
			);
			inputFileListPaths = (
			);
			inputPaths = (
				"${PODS_PODFILE_DIR_PATH}/Podfile.lock",
				"${PODS_ROOT}/Manifest.lock",
			);
			name = "[CP] Check Pods Manifest.lock";
			outputFileListPaths = (
			);
			outputPaths = (
				"$(DERIVED_FILE_DIR)/Pods-Onboarding-checkManifestLockResult.txt",
			);
			runOnlyForDeploymentPostprocessing = 0;
			shellPath = /bin/sh;
			shellScript = "diff \"${PODS_PODFILE_DIR_PATH}/Podfile.lock\" \"${PODS_ROOT}/Manifest.lock\" > /dev/null\nif [ $? != 0 ] ; then\n    # print error to STDERR\n    echo \"error: The sandbox is not in sync with the Podfile.lock. Run 'pod install' or update your CocoaPods installation.\" >&2\n    exit 1\nfi\n# This output is used by Xcode 'outputs' to avoid re-running this script phase.\necho \"SUCCESS\" > \"${SCRIPT_OUTPUT_FILE_0}\"\n";
			showEnvVarsInLog = 0;
		};
		C468D2CDAF485E16A2CAE12F /* [CP] Embed Pods Frameworks */ = {
			isa = PBXShellScriptBuildPhase;
			buildActionMask = 2147483647;
			files = (
			);
			inputFileListPaths = (
				"${PODS_ROOT}/Target Support Files/Pods-Onboarding/Pods-Onboarding-frameworks-${CONFIGURATION}-input-files.xcfilelist",
			);
			name = "[CP] Embed Pods Frameworks";
			outputFileListPaths = (
				"${PODS_ROOT}/Target Support Files/Pods-Onboarding/Pods-Onboarding-frameworks-${CONFIGURATION}-output-files.xcfilelist",
			);
			runOnlyForDeploymentPostprocessing = 0;
			shellPath = /bin/sh;
			shellScript = "\"${PODS_ROOT}/Target Support Files/Pods-Onboarding/Pods-Onboarding-frameworks.sh\"\n";
			showEnvVarsInLog = 0;
		};
/* End PBXShellScriptBuildPhase section */

/* Begin PBXSourcesBuildPhase section */
		B271AAC42633253100E1A4EF /* Sources */ = {
			isa = PBXSourcesBuildPhase;
			buildActionMask = 2147483647;
			files = (
				B271AB0A2635262500E1A4EF /* LoginContentView.swift in Sources */,
				B271AAD02633253100E1A4EF /* LoginViewController.swift in Sources */,
				B235FB912637556F0019211F /* LoginValdiation.swift in Sources */,
				B271AACC2633253100E1A4EF /* AppDelegate.swift in Sources */,
				B271AACE2633253100E1A4EF /* SceneDelegate.swift in Sources */,
			);
			runOnlyForDeploymentPostprocessing = 0;
		};
		B271AADA2633253300E1A4EF /* Sources */ = {
			isa = PBXSourcesBuildPhase;
			buildActionMask = 2147483647;
			files = (
				B271AAE32633253300E1A4EF /* OnboardingTests.swift in Sources */,
			);
			runOnlyForDeploymentPostprocessing = 0;
		};
		B271AAE52633253400E1A4EF /* Sources */ = {
			isa = PBXSourcesBuildPhase;
			buildActionMask = 2147483647;
			files = (
				B271AAEE2633253400E1A4EF /* OnboardingUITests.swift in Sources */,
			);
			runOnlyForDeploymentPostprocessing = 0;
		};
/* End PBXSourcesBuildPhase section */

/* Begin PBXTargetDependency section */
		B271AAE02633253300E1A4EF /* PBXTargetDependency */ = {
			isa = PBXTargetDependency;
			target = B271AAC72633253100E1A4EF /* Onboarding */;
			targetProxy = B271AADF2633253300E1A4EF /* PBXContainerItemProxy */;
		};
		B271AAEB2633253400E1A4EF /* PBXTargetDependency */ = {
			isa = PBXTargetDependency;
			target = B271AAC72633253100E1A4EF /* Onboarding */;
			targetProxy = B271AAEA2633253400E1A4EF /* PBXContainerItemProxy */;
		};
/* End PBXTargetDependency section */

/* Begin PBXVariantGroup section */
		B271AAD62633253300E1A4EF /* LaunchScreen.storyboard */ = {
			isa = PBXVariantGroup;
			children = (
				B271AAD72633253300E1A4EF /* Base */,
			);
			name = LaunchScreen.storyboard;
			sourceTree = "<group>";
		};
/* End PBXVariantGroup section */

/* Begin XCBuildConfiguration section */
		B271AAF02633253400E1A4EF /* Debug */ = {
			isa = XCBuildConfiguration;
			buildSettings = {
				ALWAYS_SEARCH_USER_PATHS = NO;
				CLANG_ANALYZER_NONNULL = YES;
				CLANG_ANALYZER_NUMBER_OBJECT_CONVERSION = YES_AGGRESSIVE;
				CLANG_CXX_LANGUAGE_STANDARD = "gnu++14";
				CLANG_CXX_LIBRARY = "libc++";
				CLANG_ENABLE_MODULES = YES;
				CLANG_ENABLE_OBJC_ARC = YES;
				CLANG_ENABLE_OBJC_WEAK = YES;
				CLANG_WARN_BLOCK_CAPTURE_AUTORELEASING = YES;
				CLANG_WARN_BOOL_CONVERSION = YES;
				CLANG_WARN_COMMA = YES;
				CLANG_WARN_CONSTANT_CONVERSION = YES;
				CLANG_WARN_DEPRECATED_OBJC_IMPLEMENTATIONS = YES;
				CLANG_WARN_DIRECT_OBJC_ISA_USAGE = YES_ERROR;
				CLANG_WARN_DOCUMENTATION_COMMENTS = YES;
				CLANG_WARN_EMPTY_BODY = YES;
				CLANG_WARN_ENUM_CONVERSION = YES;
				CLANG_WARN_INFINITE_RECURSION = YES;
				CLANG_WARN_INT_CONVERSION = YES;
				CLANG_WARN_NON_LITERAL_NULL_CONVERSION = YES;
				CLANG_WARN_OBJC_IMPLICIT_RETAIN_SELF = YES;
				CLANG_WARN_OBJC_LITERAL_CONVERSION = YES;
				CLANG_WARN_OBJC_ROOT_CLASS = YES_ERROR;
				CLANG_WARN_QUOTED_INCLUDE_IN_FRAMEWORK_HEADER = YES;
				CLANG_WARN_RANGE_LOOP_ANALYSIS = YES;
				CLANG_WARN_STRICT_PROTOTYPES = YES;
				CLANG_WARN_SUSPICIOUS_MOVE = YES;
				CLANG_WARN_UNGUARDED_AVAILABILITY = YES_AGGRESSIVE;
				CLANG_WARN_UNREACHABLE_CODE = YES;
				CLANG_WARN__DUPLICATE_METHOD_MATCH = YES;
				COPY_PHASE_STRIP = NO;
				DEBUG_INFORMATION_FORMAT = dwarf;
				ENABLE_STRICT_OBJC_MSGSEND = YES;
				ENABLE_TESTABILITY = YES;
				GCC_C_LANGUAGE_STANDARD = gnu11;
				GCC_DYNAMIC_NO_PIC = NO;
				GCC_NO_COMMON_BLOCKS = YES;
				GCC_OPTIMIZATION_LEVEL = 0;
				GCC_PREPROCESSOR_DEFINITIONS = (
					"DEBUG=1",
					"$(inherited)",
				);
				GCC_WARN_64_TO_32_BIT_CONVERSION = YES;
				GCC_WARN_ABOUT_RETURN_TYPE = YES_ERROR;
				GCC_WARN_UNDECLARED_SELECTOR = YES;
				GCC_WARN_UNINITIALIZED_AUTOS = YES_AGGRESSIVE;
				GCC_WARN_UNUSED_FUNCTION = YES;
				GCC_WARN_UNUSED_VARIABLE = YES;
				IPHONEOS_DEPLOYMENT_TARGET = 14.4;
				MTL_ENABLE_DEBUG_INFO = INCLUDE_SOURCE;
				MTL_FAST_MATH = YES;
				ONLY_ACTIVE_ARCH = YES;
				SDKROOT = iphoneos;
				SWIFT_ACTIVE_COMPILATION_CONDITIONS = DEBUG;
				SWIFT_OPTIMIZATION_LEVEL = "-Onone";
			};
			name = Debug;
		};
		B271AAF12633253400E1A4EF /* Release */ = {
			isa = XCBuildConfiguration;
			buildSettings = {
				ALWAYS_SEARCH_USER_PATHS = NO;
				CLANG_ANALYZER_NONNULL = YES;
				CLANG_ANALYZER_NUMBER_OBJECT_CONVERSION = YES_AGGRESSIVE;
				CLANG_CXX_LANGUAGE_STANDARD = "gnu++14";
				CLANG_CXX_LIBRARY = "libc++";
				CLANG_ENABLE_MODULES = YES;
				CLANG_ENABLE_OBJC_ARC = YES;
				CLANG_ENABLE_OBJC_WEAK = YES;
				CLANG_WARN_BLOCK_CAPTURE_AUTORELEASING = YES;
				CLANG_WARN_BOOL_CONVERSION = YES;
				CLANG_WARN_COMMA = YES;
				CLANG_WARN_CONSTANT_CONVERSION = YES;
				CLANG_WARN_DEPRECATED_OBJC_IMPLEMENTATIONS = YES;
				CLANG_WARN_DIRECT_OBJC_ISA_USAGE = YES_ERROR;
				CLANG_WARN_DOCUMENTATION_COMMENTS = YES;
				CLANG_WARN_EMPTY_BODY = YES;
				CLANG_WARN_ENUM_CONVERSION = YES;
				CLANG_WARN_INFINITE_RECURSION = YES;
				CLANG_WARN_INT_CONVERSION = YES;
				CLANG_WARN_NON_LITERAL_NULL_CONVERSION = YES;
				CLANG_WARN_OBJC_IMPLICIT_RETAIN_SELF = YES;
				CLANG_WARN_OBJC_LITERAL_CONVERSION = YES;
				CLANG_WARN_OBJC_ROOT_CLASS = YES_ERROR;
				CLANG_WARN_QUOTED_INCLUDE_IN_FRAMEWORK_HEADER = YES;
				CLANG_WARN_RANGE_LOOP_ANALYSIS = YES;
				CLANG_WARN_STRICT_PROTOTYPES = YES;
				CLANG_WARN_SUSPICIOUS_MOVE = YES;
				CLANG_WARN_UNGUARDED_AVAILABILITY = YES_AGGRESSIVE;
				CLANG_WARN_UNREACHABLE_CODE = YES;
				CLANG_WARN__DUPLICATE_METHOD_MATCH = YES;
				COPY_PHASE_STRIP = NO;
				DEBUG_INFORMATION_FORMAT = "dwarf-with-dsym";
				ENABLE_NS_ASSERTIONS = NO;
				ENABLE_STRICT_OBJC_MSGSEND = YES;
				GCC_C_LANGUAGE_STANDARD = gnu11;
				GCC_NO_COMMON_BLOCKS = YES;
				GCC_WARN_64_TO_32_BIT_CONVERSION = YES;
				GCC_WARN_ABOUT_RETURN_TYPE = YES_ERROR;
				GCC_WARN_UNDECLARED_SELECTOR = YES;
				GCC_WARN_UNINITIALIZED_AUTOS = YES_AGGRESSIVE;
				GCC_WARN_UNUSED_FUNCTION = YES;
				GCC_WARN_UNUSED_VARIABLE = YES;
				IPHONEOS_DEPLOYMENT_TARGET = 14.4;
				MTL_ENABLE_DEBUG_INFO = NO;
				MTL_FAST_MATH = YES;
				SDKROOT = iphoneos;
				SWIFT_COMPILATION_MODE = wholemodule;
				SWIFT_OPTIMIZATION_LEVEL = "-O";
				VALIDATE_PRODUCT = YES;
			};
			name = Release;
		};
		B271AAF32633253400E1A4EF /* Debug */ = {
			isa = XCBuildConfiguration;
			baseConfigurationReference = F198DD4C7576A892851FE4B0 /* Pods-Onboarding.debug.xcconfig */;
			buildSettings = {
				ASSETCATALOG_COMPILER_APPICON_NAME = AppIcon;
				ASSETCATALOG_COMPILER_GLOBAL_ACCENT_COLOR_NAME = AccentColor;
				CODE_SIGN_STYLE = Automatic;
				DEVELOPMENT_TEAM = 4ADM9VNL8D;
				INFOPLIST_FILE = Onboarding/Info.plist;
				LD_RUNPATH_SEARCH_PATHS = (
					"$(inherited)",
					"@executable_path/Frameworks",
				);
				PRODUCT_BUNDLE_IDENTIFIER = com.twit.Test.Onboarding;
				PRODUCT_NAME = "$(TARGET_NAME)";
				SWIFT_VERSION = 5.0;
				TARGETED_DEVICE_FAMILY = "1,2";
			};
			name = Debug;
		};
		B271AAF42633253400E1A4EF /* Release */ = {
			isa = XCBuildConfiguration;
			baseConfigurationReference = 7D52E8D1205FCC538D293AB7 /* Pods-Onboarding.release.xcconfig */;
			buildSettings = {
				ASSETCATALOG_COMPILER_APPICON_NAME = AppIcon;
				ASSETCATALOG_COMPILER_GLOBAL_ACCENT_COLOR_NAME = AccentColor;
				CODE_SIGN_STYLE = Automatic;
				DEVELOPMENT_TEAM = 4ADM9VNL8D;
				INFOPLIST_FILE = Onboarding/Info.plist;
				LD_RUNPATH_SEARCH_PATHS = (
					"$(inherited)",
					"@executable_path/Frameworks",
				);
				PRODUCT_BUNDLE_IDENTIFIER = com.twit.Test.Onboarding;
				PRODUCT_NAME = "$(TARGET_NAME)";
				SWIFT_VERSION = 5.0;
				TARGETED_DEVICE_FAMILY = "1,2";
			};
			name = Release;
		};
		B271AAF62633253400E1A4EF /* Debug */ = {
			isa = XCBuildConfiguration;
			buildSettings = {
				ALWAYS_EMBED_SWIFT_STANDARD_LIBRARIES = YES;
				BUNDLE_LOADER = "$(TEST_HOST)";
				CODE_SIGN_STYLE = Automatic;
				DEVELOPMENT_TEAM = 4ADM9VNL8D;
				INFOPLIST_FILE = OnboardingTests/Info.plist;
				IPHONEOS_DEPLOYMENT_TARGET = 14.4;
				LD_RUNPATH_SEARCH_PATHS = (
					"$(inherited)",
					"@executable_path/Frameworks",
					"@loader_path/Frameworks",
				);
				PRODUCT_BUNDLE_IDENTIFIER = com.twit.Test.OnboardingTests;
				PRODUCT_NAME = "$(TARGET_NAME)";
				SWIFT_VERSION = 5.0;
				TARGETED_DEVICE_FAMILY = "1,2";
				TEST_HOST = "$(BUILT_PRODUCTS_DIR)/Onboarding.app/Onboarding";
			};
			name = Debug;
		};
		B271AAF72633253400E1A4EF /* Release */ = {
			isa = XCBuildConfiguration;
			buildSettings = {
				ALWAYS_EMBED_SWIFT_STANDARD_LIBRARIES = YES;
				BUNDLE_LOADER = "$(TEST_HOST)";
				CODE_SIGN_STYLE = Automatic;
				DEVELOPMENT_TEAM = 4ADM9VNL8D;
				INFOPLIST_FILE = OnboardingTests/Info.plist;
				IPHONEOS_DEPLOYMENT_TARGET = 14.4;
				LD_RUNPATH_SEARCH_PATHS = (
					"$(inherited)",
					"@executable_path/Frameworks",
					"@loader_path/Frameworks",
				);
				PRODUCT_BUNDLE_IDENTIFIER = com.twit.Test.OnboardingTests;
				PRODUCT_NAME = "$(TARGET_NAME)";
				SWIFT_VERSION = 5.0;
				TARGETED_DEVICE_FAMILY = "1,2";
				TEST_HOST = "$(BUILT_PRODUCTS_DIR)/Onboarding.app/Onboarding";
			};
			name = Release;
		};
		B271AAF92633253400E1A4EF /* Debug */ = {
			isa = XCBuildConfiguration;
			buildSettings = {
				ALWAYS_EMBED_SWIFT_STANDARD_LIBRARIES = YES;
				CODE_SIGN_STYLE = Automatic;
				DEVELOPMENT_TEAM = 4ADM9VNL8D;
				INFOPLIST_FILE = OnboardingUITests/Info.plist;
				LD_RUNPATH_SEARCH_PATHS = (
					"$(inherited)",
					"@executable_path/Frameworks",
					"@loader_path/Frameworks",
				);
				PRODUCT_BUNDLE_IDENTIFIER = com.twit.Test.OnboardingUITests;
				PRODUCT_NAME = "$(TARGET_NAME)";
				SWIFT_VERSION = 5.0;
				TARGETED_DEVICE_FAMILY = "1,2";
				TEST_TARGET_NAME = Onboarding;
			};
			name = Debug;
		};
		B271AAFA2633253400E1A4EF /* Release */ = {
			isa = XCBuildConfiguration;
			buildSettings = {
				ALWAYS_EMBED_SWIFT_STANDARD_LIBRARIES = YES;
				CODE_SIGN_STYLE = Automatic;
				DEVELOPMENT_TEAM = 4ADM9VNL8D;
				INFOPLIST_FILE = OnboardingUITests/Info.plist;
				LD_RUNPATH_SEARCH_PATHS = (
					"$(inherited)",
					"@executable_path/Frameworks",
					"@loader_path/Frameworks",
				);
				PRODUCT_BUNDLE_IDENTIFIER = com.twit.Test.OnboardingUITests;
				PRODUCT_NAME = "$(TARGET_NAME)";
				SWIFT_VERSION = 5.0;
				TARGETED_DEVICE_FAMILY = "1,2";
				TEST_TARGET_NAME = Onboarding;
			};
			name = Release;
		};
/* End XCBuildConfiguration section */

/* Begin XCConfigurationList section */
		B271AAC32633253100E1A4EF /* Build configuration list for PBXProject "Onboarding" */ = {
			isa = XCConfigurationList;
			buildConfigurations = (
				B271AAF02633253400E1A4EF /* Debug */,
				B271AAF12633253400E1A4EF /* Release */,
			);
			defaultConfigurationIsVisible = 0;
			defaultConfigurationName = Release;
		};
		B271AAF22633253400E1A4EF /* Build configuration list for PBXNativeTarget "Onboarding" */ = {
			isa = XCConfigurationList;
			buildConfigurations = (
				B271AAF32633253400E1A4EF /* Debug */,
				B271AAF42633253400E1A4EF /* Release */,
			);
			defaultConfigurationIsVisible = 0;
			defaultConfigurationName = Release;
		};
		B271AAF52633253400E1A4EF /* Build configuration list for PBXNativeTarget "OnboardingTests" */ = {
			isa = XCConfigurationList;
			buildConfigurations = (
				B271AAF62633253400E1A4EF /* Debug */,
				B271AAF72633253400E1A4EF /* Release */,
			);
			defaultConfigurationIsVisible = 0;
			defaultConfigurationName = Release;
		};
		B271AAF82633253400E1A4EF /* Build configuration list for PBXNativeTarget "OnboardingUITests" */ = {
			isa = XCConfigurationList;
			buildConfigurations = (
				B271AAF92633253400E1A4EF /* Debug */,
				B271AAFA2633253400E1A4EF /* Release */,
			);
			defaultConfigurationIsVisible = 0;
			defaultConfigurationName = Release;
		};
/* End XCConfigurationList section */
	};
	rootObject = B271AAC02633253100E1A4EF /* Project object */;
}
